
Microsoft Visual Studio Solution File, Format Version 12.00
# Visual Studio Version 17
VisualStudioVersion = 17.11.35312.102
MinimumVisualStudioVersion = 10.0.40219.1
Project("{FAE04EC0-301F-11D3-BF4B-00C04F79EFBC}") = "Contadores simultáneos con hilos", "Contadores simultáneos con hilos\Contadores simultáneos con hilos.csproj", "{00F80031-522E-49EB-A4D3-7FFB2D6558EF}"
EndProject
Global
	GlobalSection(SolutionConfigurationPlatforms) = preSolution
		Debug|Any CPU = Debug|Any CPU
		Release|Any CPU = Release|Any CPU
	EndGlobalSection
	GlobalSection(ProjectConfigurationPlatforms) = postSolution
		{00F80031-522E-49EB-A4D3-7FFB2D6558EF}.Debug|Any CPU.ActiveCfg = Debug|Any CPU
		{00F80031-522E-49EB-A4D3-7FFB2D6558EF}.Debug|Any CPU.Build.0 = Debug|Any CPU
		{00F80031-522E-49EB-A4D3-7FFB2D6558EF}.Release|Any CPU.ActiveCfg = Release|Any CPU
		{00F80031-522E-49EB-A4D3-7FFB2D6558EF}.Release|Any CPU.Build.0 = Release|Any CPU
	EndGlobalSection
	GlobalSection(SolutionProperties) = preSolution
		HideSolutionNode = FALSE
	EndGlobalSection
	GlobalSection(ExtensibilityGlobals) = postSolution
		SolutionGuid = {1E32F821-C7C0-440F-BA19-7225E3A24F19}
	EndGlobalSection
EndGlobal
